# This file is @generated by PDM.
# It is not intended for manual editing.

[metadata]
groups = ["default"]
strategy = ["inherit_metadata"]
lock_version = "4.5.0"
content_hash = "sha256:d0930ac69716f95929a7eb5733a11f362daff12697f8fe9654267be27ec8e92b"

[[metadata.targets]]
requires_python = "==3.11.*"

[[package]]
name = "simpy"
version = "4.1.1"
requires_python = ">=3.8"
summary = "Event discrete, process based simulation for Python."
groups = ["default"]
files = [
    {file = "simpy-4.1.1-py3-none-any.whl", hash = "sha256:7c5ae380240fd2238671160e4830956f8055830a8317edf5c05e495b3823cd88"},
    {file = "simpy-4.1.1.tar.gz", hash = "sha256:06d0750a7884b11e0e8e20ce0bc7c6d4ed5f1743d456695340d13fdff95001a6"},
]

[[package]]
name = "tqdm"
version = "4.46.1"
requires_python = ">=2.6, !=3.0.*, !=3.1.*"
summary = "Fast, Extensible Progress Meter"
groups = ["default"]
files = [
    {file = "tqdm-4.46.1-py2.py3-none-any.whl", hash = "sha256:07c06493f1403c1380b630ae3dcbe5ae62abcf369a93bbc052502279f189ab8c"},
    {file = "tqdm-4.46.1.tar.gz", hash = "sha256:cd140979c2bebd2311dfb14781d8f19bd5a9debb92dcab9f6ef899c987fcf71f"},
]
